{
  "requires": true,
  "lockfileVersion": 1,
  "dependencies": {
    "math_yserhii": {
      "version": "1.1.0",
      "resolved": "https://registry.npmjs.org/math_yserhii/-/math_yserhii-1.1.0.tgz",
      "integrity": "sha512-9ytnweH/SP3OkrjqY3J61fzB0wX413rjSKe0l4U/5SzJ8nV5z5itESNU3lhUzkdGGWA8untkiSyVBTx7ToNinQ=="
    }
  }
}
